<?xml version="1.0" encoding="utf-8"?>
<Project ToolsVersion="4.0" xmlns="http://schemas.microsoft.com/developer/msbuild/2003">
  <ItemGroup>
    <Filter Include="Source Files">
      <UniqueIdentifier>{4FC737F1-C7A5-4376-A066-2A32D752A2FF}</UniqueIdentifier>
      <Extensions>cpp;c;cxx;def;odl;idl;hpj;bat;asm;asmx</Extensions>
    </Filter>
    <Filter Include="Source Files\Generated Files">
      <UniqueIdentifier>{2ea8bd0b-2478-4e1f-87a9-62a05dd9ab1c}</UniqueIdentifier>
      <SourceControlFiles>False</SourceControlFiles>
    </Filter>
    <Filter Include="Header Files">
      <UniqueIdentifier>{93995380-89BD-4b04-88EB-625FBE52EBFB}</UniqueIdentifier>
      <Extensions>h;hpp;hxx;hm;inl;inc;xsd</Extensions>
    </Filter>
    <Filter Include="Header Files\Generated Files">
      <UniqueIdentifier>{d045866f-1f7d-4271-8296-c6481718c97f}</UniqueIdentifier>
      <SourceControlFiles>False</SourceControlFiles>
    </Filter>
    <Filter Include="Resource Files">
      <UniqueIdentifier>{67DA6AB6-F800-4c08-8B7A-83BB121AAD01}</UniqueIdentifier>
      <Extensions>rc;ico;cur;bmp;dlg;rc2;rct;bin;rgs;gif;jpg;jpeg;jpe;resx</Extensions>
    </Filter>
    <Filter Include="Documents">
      <UniqueIdentifier>{0f443ed4-d7ed-4acf-bdba-1a39aee0ca22}</UniqueIdentifier>
    </Filter>
  </ItemGroup>
  <ItemGroup>
    <ClCompile Include="AboutDlg.cpp">
      <Filter>Source Files</Filter>
    </ClCompile>
    <ClCompile Include="CommonProperties.cpp">
      <Filter>Source Files</Filter>
    </ClCompile>
    <ClCompile Include="CWindowEx2.cpp">
      <Filter>Source Files</Filter>
    </ClCompile>
    <ClCompile Include="EditCtls.cpp">
      <Filter>Source Files</Filter>
    </ClCompile>
    <ClCompile Include="EnumOLEVERB.cpp">
      <Filter>Source Files</Filter>
    </ClCompile>
    <ClCompile Include="helpers.cpp">
      <Filter>Source Files</Filter>
    </ClCompile>
    <ClCompile Include="HotKeyBox.cpp">
      <Filter>Source Files</Filter>
    </ClCompile>
    <ClCompile Include="IPAddressBox.cpp">
      <Filter>Source Files</Filter>
    </ClCompile>
    <ClCompile Include="SourceOLEDataObject.cpp">
      <Filter>Source Files</Filter>
    </ClCompile>
    <ClCompile Include="stdafx.cpp">
      <Filter>Source Files</Filter>
    </ClCompile>
    <ClCompile Include="StringProperties.cpp">
      <Filter>Source Files</Filter>
    </ClCompile>
    <ClCompile Include="TargetOLEDataObject.cpp">
      <Filter>Source Files</Filter>
    </ClCompile>
    <ClCompile Include="TextBox.cpp">
      <Filter>Source Files</Filter>
    </ClCompile>
    <ClCompile Include="UpDownAccelerator.cpp">
      <Filter>Source Files</Filter>
    </ClCompile>
    <ClCompile Include="UpDownAccelerators.cpp">
      <Filter>Source Files</Filter>
    </ClCompile>
    <ClCompile Include="UpDownTextBox.cpp">
      <Filter>Source Files</Filter>
    </ClCompile>
    <ClCompile Include="VirtualUpDownAccelerator.cpp">
      <Filter>Source Files</Filter>
    </ClCompile>
    <ClCompile Include="VirtualUpDownAccelerators.cpp">
      <Filter>Source Files</Filter>
    </ClCompile>
    <ClCompile Include="EditCtlsA_i.c">
      <Filter>Source Files\Generated Files</Filter>
    </ClCompile>
    <ClCompile Include="EditCtlsU_i.c">
      <Filter>Source Files\Generated Files</Filter>
    </ClCompile>
  </ItemGroup>
  <ItemGroup>
    <None Include="EditCtlsA.def">
      <Filter>Source Files</Filter>
    </None>
    <None Include="EditCtlsU.def">
      <Filter>Source Files</Filter>
    </None>
    <None Include="res\About.jpg">
      <Filter>Resource Files</Filter>
    </None>
    <None Include="res\EditCtlsA.rgs">
      <Filter>Resource Files</Filter>
    </None>
    <None Include="res\EditCtlsU.rgs">
      <Filter>Resource Files</Filter>
    </None>
    <None Include="res\HotKeyBoxA.bmp">
      <Filter>Resource Files</Filter>
    </None>
    <None Include="res\HotKeyBoxU.bmp">
      <Filter>Resource Files</Filter>
    </None>
    <None Include="res\IPAddressBoxA.bmp">
      <Filter>Resource Files</Filter>
    </None>
    <None Include="res\IPAddressBoxU.bmp">
      <Filter>Resource Files</Filter>
    </None>
    <None Include="res\Paypal.jpg">
      <Filter>Resource Files</Filter>
    </None>
    <None Include="res\TextBoxA.bmp">
      <Filter>Resource Files</Filter>
    </None>
    <None Include="res\TextBoxU.bmp">
      <Filter>Resource Files</Filter>
    </None>
    <None Include="res\ToolBar disabled.bmp">
      <Filter>Resource Files</Filter>
    </None>
    <None Include="res\ToolBar enabled.bmp">
      <Filter>Resource Files</Filter>
    </None>
    <None Include="res\UpDownTextBoxA.bmp">
      <Filter>Resource Files</Filter>
    </None>
    <None Include="res\UpDownTextBoxU.bmp">
      <Filter>Resource Files</Filter>
    </None>
    <None Include="..\doc\Unused parts of API.txt">
      <Filter>Documents</Filter>
    </None>
    <None Include="res\CommonPropertiesA.rgs">
      <Filter>Resource Files</Filter>
    </None>
    <None Include="res\VirtualUpDownAcceleratorU.rgs">
      <Filter>Resource Files</Filter>
    </None>
    <None Include="res\CommonPropertiesU.rgs">
      <Filter>Resource Files</Filter>
    </None>
    <None Include="res\HotKeyBoxA.rgs">
      <Filter>Resource Files</Filter>
    </None>
    <None Include="res\HotKeyBoxU.rgs">
      <Filter>Resource Files</Filter>
    </None>
    <None Include="res\IPAddressBoxA.rgs">
      <Filter>Resource Files</Filter>
    </None>
    <None Include="res\IPAddressBoxU.rgs">
      <Filter>Resource Files</Filter>
    </None>
    <None Include="res\OLEDataObjectA.rgs">
      <Filter>Resource Files</Filter>
    </None>
    <None Include="res\OLEDataObjectU.rgs">
      <Filter>Resource Files</Filter>
    </None>
    <None Include="res\StringPropertiesA.rgs">
      <Filter>Resource Files</Filter>
    </None>
    <None Include="res\StringPropertiesU.rgs">
      <Filter>Resource Files</Filter>
    </None>
    <None Include="res\TextBoxA.rgs">
      <Filter>Resource Files</Filter>
    </None>
    <None Include="res\TextBoxU.rgs">
      <Filter>Resource Files</Filter>
    </None>
    <None Include="res\UpDownAcceleratorA.rgs">
      <Filter>Resource Files</Filter>
    </None>
    <None Include="res\UpDownAcceleratorsA.rgs">
      <Filter>Resource Files</Filter>
    </None>
    <None Include="res\UpDownAcceleratorsU.rgs">
      <Filter>Resource Files</Filter>
    </None>
    <None Include="res\UpDownAcceleratorU.rgs">
      <Filter>Resource Files</Filter>
    </None>
    <None Include="res\UpDownTextBoxA.rgs">
      <Filter>Resource Files</Filter>
    </None>
    <None Include="res\UpDownTextBoxU.rgs">
      <Filter>Resource Files</Filter>
    </None>
    <None Include="res\VirtualUpDownAcceleratorA.rgs">
      <Filter>Resource Files</Filter>
    </None>
    <None Include="res\VirtualUpDownAcceleratorsA.rgs">
      <Filter>Resource Files</Filter>
    </None>
    <None Include="res\VirtualUpDownAcceleratorsU.rgs">
      <Filter>Resource Files</Filter>
    </None>
  </ItemGroup>
  <ItemGroup>
    <Midl Include="EditCtlsU.idl">
      <Filter>Source Files</Filter>
    </Midl>
    <Midl Include="EditCtlsA.idl">
      <Filter>Source Files</Filter>
    </Midl>
  </ItemGroup>
  <ItemGroup>
    <ClInclude Include="_IHotKeyBoxEvents_CP.h">
      <Filter>Header Files</Filter>
    </ClInclude>
    <ClInclude Include="_IIPAddressBoxEvents_CP.h">
      <Filter>Header Files</Filter>
    </ClInclude>
    <ClInclude Include="_IOLEDataObjectEvents_CP.h">
      <Filter>Header Files</Filter>
    </ClInclude>
    <ClInclude Include="_ITextBoxEvents_CP.h">
      <Filter>Header Files</Filter>
    </ClInclude>
    <ClInclude Include="_IUpDownAcceleratorEvents_CP.h">
      <Filter>Header Files</Filter>
    </ClInclude>
    <ClInclude Include="_IUpDownAcceleratorsEvents_CP.h">
      <Filter>Header Files</Filter>
    </ClInclude>
    <ClInclude Include="_IUpDownTextBoxEvents_CP.h">
      <Filter>Header Files</Filter>
    </ClInclude>
    <ClInclude Include="_IVirtualUpDownAcceleratorEvents_CP.h">
      <Filter>Header Files</Filter>
    </ClInclude>
    <ClInclude Include="_IVirtualUpDownAcceleratorsEvents_CP.h">
      <Filter>Header Files</Filter>
    </ClInclude>
    <ClInclude Include="AboutDlg.h">
      <Filter>Header Files</Filter>
    </ClInclude>
    <ClInclude Include="ClassFactory.h">
      <Filter>Header Files</Filter>
    </ClInclude>
    <ClInclude Include="CommonProperties.h">
      <Filter>Header Files</Filter>
    </ClInclude>
    <ClInclude Include="CompilerFlags.h">
      <Filter>Header Files</Filter>
    </ClInclude>
    <ClInclude Include="CWindowEx2.h">
      <Filter>Header Files</Filter>
    </ClInclude>
    <ClInclude Include="DispIDs.h">
      <Filter>Header Files</Filter>
    </ClInclude>
    <ClInclude Include="EnumOLEVERB.h">
      <Filter>Header Files</Filter>
    </ClInclude>
    <ClInclude Include="helpers.h">
      <Filter>Header Files</Filter>
    </ClInclude>
    <ClInclude Include="HotKeyBox.h">
      <Filter>Header Files</Filter>
    </ClInclude>
    <ClInclude Include="HyperLinkEx.h">
      <Filter>Header Files</Filter>
    </ClInclude>
    <ClInclude Include="ICategorizeProperties.h">
      <Filter>Header Files</Filter>
    </ClInclude>
    <ClInclude Include="ICreditsProvider.h">
      <Filter>Header Files</Filter>
    </ClInclude>
    <ClInclude Include="IPAddressBox.h">
      <Filter>Header Files</Filter>
    </ClInclude>
    <ClInclude Include="PropertyNotifySinkImpl.h">
      <Filter>Header Files</Filter>
    </ClInclude>
    <ClInclude Include="SourceOLEDataObject.h">
      <Filter>Header Files</Filter>
    </ClInclude>
    <ClInclude Include="stdafx.h">
      <Filter>Header Files</Filter>
    </ClInclude>
    <ClInclude Include="StringProperties.h">
      <Filter>Header Files</Filter>
    </ClInclude>
    <ClInclude Include="TargetOLEDataObject.h">
      <Filter>Header Files</Filter>
    </ClInclude>
    <ClInclude Include="TextBox.h">
      <Filter>Header Files</Filter>
    </ClInclude>
    <ClInclude Include="UpDownAccelerator.h">
      <Filter>Header Files</Filter>
    </ClInclude>
    <ClInclude Include="UpDownAccelerators.h">
      <Filter>Header Files</Filter>
    </ClInclude>
    <ClInclude Include="UpDownTextBox.h">
      <Filter>Header Files</Filter>
    </ClInclude>
    <ClInclude Include="VirtualUpDownAccelerator.h">
      <Filter>Header Files</Filter>
    </ClInclude>
    <ClInclude Include="VirtualUpDownAccelerators.h">
      <Filter>Header Files</Filter>
    </ClInclude>
    <ClInclude Include="EditCtlsA.h">
      <Filter>Header Files\Generated Files</Filter>
    </ClInclude>
    <ClInclude Include="EditCtlsU.h">
      <Filter>Header Files\Generated Files</Filter>
    </ClInclude>
    <ClInclude Include="res\resource.h">
      <Filter>Resource Files</Filter>
    </ClInclude>
  </ItemGroup>
  <ItemGroup>
    <ResourceCompile Include="res\EditCtls.rc">
      <Filter>Resource Files</Filter>
    </ResourceCompile>
  </ItemGroup>
</Project>